
Microsoft Visual Studio Solution File, Format Version 12.00
# Visual Studio 15
VisualStudioVersion = 15.0.28307.757
MinimumVisualStudioVersion = 10.0.40219.1
Project("{8BC9CEB8-8B4A-11D0-8D11-00A0C91BC942}") = "live", "live\live.vcxproj", "{F9D474C5-3514-4478-B9C0-789505BE2D1F}"
EndProject
Project("{8BC9CEB8-8B4A-11D0-8D11-00A0C91BC942}") = "DuiLib", "DuiLib\DuiLib.vcxproj", "{E106ACD7-4E53-4AEE-942B-D0DD426DB34E}"
EndProject
Project("{8BC9CEB8-8B4A-11D0-8D11-00A0C91BC942}") = "json", "json\json.vcxproj", "{613F1CCE-B8A1-43CB-9057-8DFBF74EF6D5}"
EndProject
Project("{8BC9CEB8-8B4A-11D0-8D11-00A0C91BC942}") = "glfw", "glfw\glfw.vcxproj", "{5EDE0ECA-031A-3542-82DD-B20190AD926D}"
EndProject
Global
	GlobalSection(SolutionConfigurationPlatforms) = preSolution
		Debug|x64 = Debug|x64
		Debug|x86 = Debug|x86
		DebugA|x64 = DebugA|x64
		DebugA|x86 = DebugA|x86
		MinSizeRel|x64 = MinSizeRel|x64
		MinSizeRel|x86 = MinSizeRel|x86
		Release|x64 = Release|x64
		Release|x86 = Release|x86
		ReleaseA|x64 = ReleaseA|x64
		ReleaseA|x86 = ReleaseA|x86
		RelWithDebInfo|x64 = RelWithDebInfo|x64
		RelWithDebInfo|x86 = RelWithDebInfo|x86
		SDebug|x64 = SDebug|x64
		SDebug|x86 = SDebug|x86
		SDebugA|x64 = SDebugA|x64
		SDebugA|x86 = SDebugA|x86
		SRelease|x64 = SRelease|x64
		SRelease|x86 = SRelease|x86
		SReleaseA|x64 = SReleaseA|x64
		SReleaseA|x86 = SReleaseA|x86
	EndGlobalSection
	GlobalSection(ProjectConfigurationPlatforms) = postSolution
		{F9D474C5-3514-4478-B9C0-789505BE2D1F}.Debug|x64.ActiveCfg = Debug|x64
		{F9D474C5-3514-4478-B9C0-789505BE2D1F}.Debug|x64.Build.0 = Debug|x64
		{F9D474C5-3514-4478-B9C0-789505BE2D1F}.Debug|x86.ActiveCfg = Debug|Win32
		{F9D474C5-3514-4478-B9C0-789505BE2D1F}.Debug|x86.Build.0 = Debug|Win32
		{F9D474C5-3514-4478-B9C0-789505BE2D1F}.DebugA|x64.ActiveCfg = Debug|x64
		{F9D474C5-3514-4478-B9C0-789505BE2D1F}.DebugA|x64.Build.0 = Debug|x64
		{F9D474C5-3514-4478-B9C0-789505BE2D1F}.DebugA|x86.ActiveCfg = Debug|Win32
		{F9D474C5-3514-4478-B9C0-789505BE2D1F}.DebugA|x86.Build.0 = Debug|Win32
		{F9D474C5-3514-4478-B9C0-789505BE2D1F}.MinSizeRel|x64.ActiveCfg = Release|x64
		{F9D474C5-3514-4478-B9C0-789505BE2D1F}.MinSizeRel|x64.Build.0 = Release|x64
		{F9D474C5-3514-4478-B9C0-789505BE2D1F}.MinSizeRel|x86.ActiveCfg = Release|Win32
		{F9D474C5-3514-4478-B9C0-789505BE2D1F}.MinSizeRel|x86.Build.0 = Release|Win32
		{F9D474C5-3514-4478-B9C0-789505BE2D1F}.Release|x64.ActiveCfg = Release|x64
		{F9D474C5-3514-4478-B9C0-789505BE2D1F}.Release|x64.Build.0 = Release|x64
		{F9D474C5-3514-4478-B9C0-789505BE2D1F}.Release|x86.ActiveCfg = Release|Win32
		{F9D474C5-3514-4478-B9C0-789505BE2D1F}.Release|x86.Build.0 = Release|Win32
		{F9D474C5-3514-4478-B9C0-789505BE2D1F}.ReleaseA|x64.ActiveCfg = Release|x64
		{F9D474C5-3514-4478-B9C0-789505BE2D1F}.ReleaseA|x64.Build.0 = Release|x64
		{F9D474C5-3514-4478-B9C0-789505BE2D1F}.ReleaseA|x86.ActiveCfg = Release|Win32
		{F9D474C5-3514-4478-B9C0-789505BE2D1F}.ReleaseA|x86.Build.0 = Release|Win32
		{F9D474C5-3514-4478-B9C0-789505BE2D1F}.RelWithDebInfo|x64.ActiveCfg = Release|x64
		{F9D474C5-3514-4478-B9C0-789505BE2D1F}.RelWithDebInfo|x64.Build.0 = Release|x64
		{F9D474C5-3514-4478-B9C0-789505BE2D1F}.RelWithDebInfo|x86.ActiveCfg = Release|Win32
		{F9D474C5-3514-4478-B9C0-789505BE2D1F}.RelWithDebInfo|x86.Build.0 = Release|Win32
		{F9D474C5-3514-4478-B9C0-789505BE2D1F}.SDebug|x64.ActiveCfg = Debug|x64
		{F9D474C5-3514-4478-B9C0-789505BE2D1F}.SDebug|x64.Build.0 = Debug|x64
		{F9D474C5-3514-4478-B9C0-789505BE2D1F}.SDebug|x86.ActiveCfg = Debug|Win32
		{F9D474C5-3514-4478-B9C0-789505BE2D1F}.SDebug|x86.Build.0 = Debug|Win32
		{F9D474C5-3514-4478-B9C0-789505BE2D1F}.SDebugA|x64.ActiveCfg = Debug|x64
		{F9D474C5-3514-4478-B9C0-789505BE2D1F}.SDebugA|x64.Build.0 = Debug|x64
		{F9D474C5-3514-4478-B9C0-789505BE2D1F}.SDebugA|x86.ActiveCfg = Debug|Win32
		{F9D474C5-3514-4478-B9C0-789505BE2D1F}.SDebugA|x86.Build.0 = Debug|Win32
		{F9D474C5-3514-4478-B9C0-789505BE2D1F}.SRelease|x64.ActiveCfg = Release|x64
		{F9D474C5-3514-4478-B9C0-789505BE2D1F}.SRelease|x64.Build.0 = Release|x64
		{F9D474C5-3514-4478-B9C0-789505BE2D1F}.SRelease|x86.ActiveCfg = Release|Win32
		{F9D474C5-3514-4478-B9C0-789505BE2D1F}.SRelease|x86.Build.0 = Release|Win32
		{F9D474C5-3514-4478-B9C0-789505BE2D1F}.SReleaseA|x64.ActiveCfg = Release|x64
		{F9D474C5-3514-4478-B9C0-789505BE2D1F}.SReleaseA|x64.Build.0 = Release|x64
		{F9D474C5-3514-4478-B9C0-789505BE2D1F}.SReleaseA|x86.ActiveCfg = Release|Win32
		{F9D474C5-3514-4478-B9C0-789505BE2D1F}.SReleaseA|x86.Build.0 = Release|Win32
		{E106ACD7-4E53-4AEE-942B-D0DD426DB34E}.Debug|x64.ActiveCfg = Debug|x64
		{E106ACD7-4E53-4AEE-942B-D0DD426DB34E}.Debug|x64.Build.0 = Debug|x64
		{E106ACD7-4E53-4AEE-942B-D0DD426DB34E}.Debug|x86.ActiveCfg = Debug|Win32
		{E106ACD7-4E53-4AEE-942B-D0DD426DB34E}.DebugA|x64.ActiveCfg = DebugA|x64
		{E106ACD7-4E53-4AEE-942B-D0DD426DB34E}.DebugA|x64.Build.0 = DebugA|x64
		{E106ACD7-4E53-4AEE-942B-D0DD426DB34E}.DebugA|x86.ActiveCfg = DebugA|Win32
		{E106ACD7-4E53-4AEE-942B-D0DD426DB34E}.DebugA|x86.Build.0 = DebugA|Win32
		{E106ACD7-4E53-4AEE-942B-D0DD426DB34E}.MinSizeRel|x64.ActiveCfg = SReleaseA|x64
		{E106ACD7-4E53-4AEE-942B-D0DD426DB34E}.MinSizeRel|x64.Build.0 = SReleaseA|x64
		{E106ACD7-4E53-4AEE-942B-D0DD426DB34E}.MinSizeRel|x86.ActiveCfg = SReleaseA|Win32
		{E106ACD7-4E53-4AEE-942B-D0DD426DB34E}.MinSizeRel|x86.Build.0 = SReleaseA|Win32
		{E106ACD7-4E53-4AEE-942B-D0DD426DB34E}.Release|x64.ActiveCfg = Release|x64
		{E106ACD7-4E53-4AEE-942B-D0DD426DB34E}.Release|x64.Build.0 = Release|x64
		{E106ACD7-4E53-4AEE-942B-D0DD426DB34E}.Release|x86.ActiveCfg = Release|Win32
		{E106ACD7-4E53-4AEE-942B-D0DD426DB34E}.ReleaseA|x64.ActiveCfg = ReleaseA|x64
		{E106ACD7-4E53-4AEE-942B-D0DD426DB34E}.ReleaseA|x64.Build.0 = ReleaseA|x64
		{E106ACD7-4E53-4AEE-942B-D0DD426DB34E}.ReleaseA|x86.ActiveCfg = ReleaseA|Win32
		{E106ACD7-4E53-4AEE-942B-D0DD426DB34E}.ReleaseA|x86.Build.0 = ReleaseA|Win32
		{E106ACD7-4E53-4AEE-942B-D0DD426DB34E}.RelWithDebInfo|x64.ActiveCfg = ReleaseA|x64
		{E106ACD7-4E53-4AEE-942B-D0DD426DB34E}.RelWithDebInfo|x64.Build.0 = ReleaseA|x64
		{E106ACD7-4E53-4AEE-942B-D0DD426DB34E}.RelWithDebInfo|x86.ActiveCfg = ReleaseA|Win32
		{E106ACD7-4E53-4AEE-942B-D0DD426DB34E}.RelWithDebInfo|x86.Build.0 = ReleaseA|Win32
		{E106ACD7-4E53-4AEE-942B-D0DD426DB34E}.SDebug|x64.ActiveCfg = SDebug|x64
		{E106ACD7-4E53-4AEE-942B-D0DD426DB34E}.SDebug|x64.Build.0 = SDebug|x64
		{E106ACD7-4E53-4AEE-942B-D0DD426DB34E}.SDebug|x86.ActiveCfg = SDebug|Win32
		{E106ACD7-4E53-4AEE-942B-D0DD426DB34E}.SDebug|x86.Build.0 = SDebug|Win32
		{E106ACD7-4E53-4AEE-942B-D0DD426DB34E}.SDebugA|x64.ActiveCfg = SDebugA|x64
		{E106ACD7-4E53-4AEE-942B-D0DD426DB34E}.SDebugA|x64.Build.0 = SDebugA|x64
		{E106ACD7-4E53-4AEE-942B-D0DD426DB34E}.SDebugA|x86.ActiveCfg = SDebugA|Win32
		{E106ACD7-4E53-4AEE-942B-D0DD426DB34E}.SDebugA|x86.Build.0 = SDebugA|Win32
		{E106ACD7-4E53-4AEE-942B-D0DD426DB34E}.SRelease|x64.ActiveCfg = SRelease|x64
		{E106ACD7-4E53-4AEE-942B-D0DD426DB34E}.SRelease|x64.Build.0 = SRelease|x64
		{E106ACD7-4E53-4AEE-942B-D0DD426DB34E}.SRelease|x86.ActiveCfg = SRelease|Win32
		{E106ACD7-4E53-4AEE-942B-D0DD426DB34E}.SRelease|x86.Build.0 = SRelease|Win32
		{E106ACD7-4E53-4AEE-942B-D0DD426DB34E}.SReleaseA|x64.ActiveCfg = SReleaseA|x64
		{E106ACD7-4E53-4AEE-942B-D0DD426DB34E}.SReleaseA|x64.Build.0 = SReleaseA|x64
		{E106ACD7-4E53-4AEE-942B-D0DD426DB34E}.SReleaseA|x86.ActiveCfg = SReleaseA|Win32
		{E106ACD7-4E53-4AEE-942B-D0DD426DB34E}.SReleaseA|x86.Build.0 = SReleaseA|Win32
		{613F1CCE-B8A1-43CB-9057-8DFBF74EF6D5}.Debug|x64.ActiveCfg = Debug|x64
		{613F1CCE-B8A1-43CB-9057-8DFBF74EF6D5}.Debug|x64.Build.0 = Debug|x64
		{613F1CCE-B8A1-43CB-9057-8DFBF74EF6D5}.Debug|x86.ActiveCfg = Debug|Win32
		{613F1CCE-B8A1-43CB-9057-8DFBF74EF6D5}.DebugA|x64.ActiveCfg = Debug|x64
		{613F1CCE-B8A1-43CB-9057-8DFBF74EF6D5}.DebugA|x64.Build.0 = Debug|x64
		{613F1CCE-B8A1-43CB-9057-8DFBF74EF6D5}.DebugA|x86.ActiveCfg = Debug|Win32
		{613F1CCE-B8A1-43CB-9057-8DFBF74EF6D5}.DebugA|x86.Build.0 = Debug|Win32
		{613F1CCE-B8A1-43CB-9057-8DFBF74EF6D5}.MinSizeRel|x64.ActiveCfg = Release|x64
		{613F1CCE-B8A1-43CB-9057-8DFBF74EF6D5}.MinSizeRel|x64.Build.0 = Release|x64
		{613F1CCE-B8A1-43CB-9057-8DFBF74EF6D5}.MinSizeRel|x86.ActiveCfg = Release|Win32
		{613F1CCE-B8A1-43CB-9057-8DFBF74EF6D5}.MinSizeRel|x86.Build.0 = Release|Win32
		{613F1CCE-B8A1-43CB-9057-8DFBF74EF6D5}.Release|x64.ActiveCfg = Release|x64
		{613F1CCE-B8A1-43CB-9057-8DFBF74EF6D5}.Release|x64.Build.0 = Release|x64
		{613F1CCE-B8A1-43CB-9057-8DFBF74EF6D5}.Release|x86.ActiveCfg = Release|Win32
		{613F1CCE-B8A1-43CB-9057-8DFBF74EF6D5}.ReleaseA|x64.ActiveCfg = Release|x64
		{613F1CCE-B8A1-43CB-9057-8DFBF74EF6D5}.ReleaseA|x64.Build.0 = Release|x64
		{613F1CCE-B8A1-43CB-9057-8DFBF74EF6D5}.ReleaseA|x86.ActiveCfg = Release|Win32
		{613F1CCE-B8A1-43CB-9057-8DFBF74EF6D5}.ReleaseA|x86.Build.0 = Release|Win32
		{613F1CCE-B8A1-43CB-9057-8DFBF74EF6D5}.RelWithDebInfo|x64.ActiveCfg = Release|x64
		{613F1CCE-B8A1-43CB-9057-8DFBF74EF6D5}.RelWithDebInfo|x64.Build.0 = Release|x64
		{613F1CCE-B8A1-43CB-9057-8DFBF74EF6D5}.RelWithDebInfo|x86.ActiveCfg = Release|Win32
		{613F1CCE-B8A1-43CB-9057-8DFBF74EF6D5}.RelWithDebInfo|x86.Build.0 = Release|Win32
		{613F1CCE-B8A1-43CB-9057-8DFBF74EF6D5}.SDebug|x64.ActiveCfg = Debug|x64
		{613F1CCE-B8A1-43CB-9057-8DFBF74EF6D5}.SDebug|x64.Build.0 = Debug|x64
		{613F1CCE-B8A1-43CB-9057-8DFBF74EF6D5}.SDebug|x86.ActiveCfg = Debug|Win32
		{613F1CCE-B8A1-43CB-9057-8DFBF74EF6D5}.SDebug|x86.Build.0 = Debug|Win32
		{613F1CCE-B8A1-43CB-9057-8DFBF74EF6D5}.SDebugA|x64.ActiveCfg = Debug|x64
		{613F1CCE-B8A1-43CB-9057-8DFBF74EF6D5}.SDebugA|x64.Build.0 = Debug|x64
		{613F1CCE-B8A1-43CB-9057-8DFBF74EF6D5}.SDebugA|x86.ActiveCfg = Debug|Win32
		{613F1CCE-B8A1-43CB-9057-8DFBF74EF6D5}.SDebugA|x86.Build.0 = Debug|Win32
		{613F1CCE-B8A1-43CB-9057-8DFBF74EF6D5}.SRelease|x64.ActiveCfg = Release|x64
		{613F1CCE-B8A1-43CB-9057-8DFBF74EF6D5}.SRelease|x64.Build.0 = Release|x64
		{613F1CCE-B8A1-43CB-9057-8DFBF74EF6D5}.SRelease|x86.ActiveCfg = Release|Win32
		{613F1CCE-B8A1-43CB-9057-8DFBF74EF6D5}.SRelease|x86.Build.0 = Release|Win32
		{613F1CCE-B8A1-43CB-9057-8DFBF74EF6D5}.SReleaseA|x64.ActiveCfg = Release|x64
		{613F1CCE-B8A1-43CB-9057-8DFBF74EF6D5}.SReleaseA|x64.Build.0 = Release|x64
		{613F1CCE-B8A1-43CB-9057-8DFBF74EF6D5}.SReleaseA|x86.ActiveCfg = Release|Win32
		{613F1CCE-B8A1-43CB-9057-8DFBF74EF6D5}.SReleaseA|x86.Build.0 = Release|Win32
		{5EDE0ECA-031A-3542-82DD-B20190AD926D}.Debug|x64.ActiveCfg = Debug|Win32
		{5EDE0ECA-031A-3542-82DD-B20190AD926D}.Debug|x86.ActiveCfg = Debug|Win32
		{5EDE0ECA-031A-3542-82DD-B20190AD926D}.DebugA|x64.ActiveCfg = Release|Win32
		{5EDE0ECA-031A-3542-82DD-B20190AD926D}.DebugA|x64.Build.0 = Release|Win32
		{5EDE0ECA-031A-3542-82DD-B20190AD926D}.DebugA|x86.ActiveCfg = Debug|Win32
		{5EDE0ECA-031A-3542-82DD-B20190AD926D}.DebugA|x86.Build.0 = Debug|Win32
		{5EDE0ECA-031A-3542-82DD-B20190AD926D}.MinSizeRel|x64.ActiveCfg = MinSizeRel|Win32
		{5EDE0ECA-031A-3542-82DD-B20190AD926D}.MinSizeRel|x86.ActiveCfg = MinSizeRel|Win32
		{5EDE0ECA-031A-3542-82DD-B20190AD926D}.MinSizeRel|x86.Build.0 = MinSizeRel|Win32
		{5EDE0ECA-031A-3542-82DD-B20190AD926D}.Release|x64.ActiveCfg = Release|Win32
		{5EDE0ECA-031A-3542-82DD-B20190AD926D}.Release|x86.ActiveCfg = Release|Win32
		{5EDE0ECA-031A-3542-82DD-B20190AD926D}.Release|x86.Build.0 = Release|Win32
		{5EDE0ECA-031A-3542-82DD-B20190AD926D}.ReleaseA|x64.ActiveCfg = Release|Win32
		{5EDE0ECA-031A-3542-82DD-B20190AD926D}.ReleaseA|x64.Build.0 = Release|Win32
		{5EDE0ECA-031A-3542-82DD-B20190AD926D}.ReleaseA|x86.ActiveCfg = Release|Win32
		{5EDE0ECA-031A-3542-82DD-B20190AD926D}.ReleaseA|x86.Build.0 = Release|Win32
		{5EDE0ECA-031A-3542-82DD-B20190AD926D}.RelWithDebInfo|x64.ActiveCfg = RelWithDebInfo|Win32
		{5EDE0ECA-031A-3542-82DD-B20190AD926D}.RelWithDebInfo|x86.ActiveCfg = RelWithDebInfo|Win32
		{5EDE0ECA-031A-3542-82DD-B20190AD926D}.RelWithDebInfo|x86.Build.0 = RelWithDebInfo|Win32
		{5EDE0ECA-031A-3542-82DD-B20190AD926D}.SDebug|x64.ActiveCfg = Release|Win32
		{5EDE0ECA-031A-3542-82DD-B20190AD926D}.SDebug|x64.Build.0 = Release|Win32
		{5EDE0ECA-031A-3542-82DD-B20190AD926D}.SDebug|x86.ActiveCfg = Debug|Win32
		{5EDE0ECA-031A-3542-82DD-B20190AD926D}.SDebug|x86.Build.0 = Debug|Win32
		{5EDE0ECA-031A-3542-82DD-B20190AD926D}.SDebugA|x64.ActiveCfg = Release|Win32
		{5EDE0ECA-031A-3542-82DD-B20190AD926D}.SDebugA|x64.Build.0 = Release|Win32
		{5EDE0ECA-031A-3542-82DD-B20190AD926D}.SDebugA|x86.ActiveCfg = Debug|Win32
		{5EDE0ECA-031A-3542-82DD-B20190AD926D}.SDebugA|x86.Build.0 = Debug|Win32
		{5EDE0ECA-031A-3542-82DD-B20190AD926D}.SRelease|x64.ActiveCfg = Release|Win32
		{5EDE0ECA-031A-3542-82DD-B20190AD926D}.SRelease|x64.Build.0 = Release|Win32
		{5EDE0ECA-031A-3542-82DD-B20190AD926D}.SRelease|x86.ActiveCfg = Release|Win32
		{5EDE0ECA-031A-3542-82DD-B20190AD926D}.SRelease|x86.Build.0 = Release|Win32
		{5EDE0ECA-031A-3542-82DD-B20190AD926D}.SReleaseA|x64.ActiveCfg = Release|Win32
		{5EDE0ECA-031A-3542-82DD-B20190AD926D}.SReleaseA|x64.Build.0 = Release|Win32
		{5EDE0ECA-031A-3542-82DD-B20190AD926D}.SReleaseA|x86.ActiveCfg = Release|Win32
		{5EDE0ECA-031A-3542-82DD-B20190AD926D}.SReleaseA|x86.Build.0 = Release|Win32
	EndGlobalSection
	GlobalSection(SolutionProperties) = preSolution
		HideSolutionNode = FALSE
	EndGlobalSection
	GlobalSection(ExtensibilityGlobals) = postSolution
		SolutionGuid = {FA988F36-D533-49BC-8FCF-B379E39787E8}
	EndGlobalSection
EndGlobal
